
Microsoft Visual Studio Solution File, Format Version 12.00
# Visual Studio Version 17
VisualStudioVersion = 17.7.34031.279
MinimumVisualStudioVersion = 10.0.40219.1
Project("{FAE04EC0-301F-11D3-BF4B-00C04F79EFBC}") = "LaplaceConfigProject", "LaplaceConfigProject\LaplaceConfigProject.csproj", "{0EC2F832-2224-49FB-9BC8-33A2975A162E}"
EndProject
Project("{FAE04EC0-301F-11D3-BF4B-00C04F79EFBC}") = "Laplace", "Laplace\Laplace.csproj", "{08EBF32E-982A-4A6E-B4F1-094AB7918F92}"
EndProject
Project("{FAE04EC0-301F-11D3-BF4B-00C04F79EFBC}") = "LaplaceTestProject", "LaplaceTestProject\LaplaceTestProject.csproj", "{31D709F1-13F6-4FC3-ACE0-113E03245D40}"
EndProject
Global
	GlobalSection(SolutionConfigurationPlatforms) = preSolution
		Debug|Any CPU = Debug|Any CPU
		Release|Any CPU = Release|Any CPU
	EndGlobalSection
	GlobalSection(ProjectConfigurationPlatforms) = postSolution
		{0EC2F832-2224-49FB-9BC8-33A2975A162E}.Debug|Any CPU.ActiveCfg = Debug|Any CPU
		{0EC2F832-2224-49FB-9BC8-33A2975A162E}.Debug|Any CPU.Build.0 = Debug|Any CPU
		{0EC2F832-2224-49FB-9BC8-33A2975A162E}.Release|Any CPU.ActiveCfg = Release|Any CPU
		{0EC2F832-2224-49FB-9BC8-33A2975A162E}.Release|Any CPU.Build.0 = Release|Any CPU
		{08EBF32E-982A-4A6E-B4F1-094AB7918F92}.Debug|Any CPU.ActiveCfg = Debug|Any CPU
		{08EBF32E-982A-4A6E-B4F1-094AB7918F92}.Debug|Any CPU.Build.0 = Debug|Any CPU
		{08EBF32E-982A-4A6E-B4F1-094AB7918F92}.Release|Any CPU.ActiveCfg = Release|Any CPU
		{08EBF32E-982A-4A6E-B4F1-094AB7918F92}.Release|Any CPU.Build.0 = Release|Any CPU
		{31D709F1-13F6-4FC3-ACE0-113E03245D40}.Debug|Any CPU.ActiveCfg = Debug|Any CPU
		{31D709F1-13F6-4FC3-ACE0-113E03245D40}.Debug|Any CPU.Build.0 = Debug|Any CPU
		{31D709F1-13F6-4FC3-ACE0-113E03245D40}.Release|Any CPU.ActiveCfg = Release|Any CPU
		{31D709F1-13F6-4FC3-ACE0-113E03245D40}.Release|Any CPU.Build.0 = Release|Any CPU
	EndGlobalSection
	GlobalSection(SolutionProperties) = preSolution
		HideSolutionNode = FALSE
	EndGlobalSection
	GlobalSection(ExtensibilityGlobals) = postSolution
		SolutionGuid = {E911CA0C-1FCA-4BB2-BDDB-72D8954284A1}
	EndGlobalSection
EndGlobal
